// !$*UTF8*$!
{
	archiveVersion = 1;
	classes = {
	};
	objectVersion = 51;
	objects = {

/* Begin PBXBuildFile section */
		0459FA712468B34F00A2B482 /* placeholder.png in Resources */ = {isa = PBXBuildFile; fileRef = 0459FA702468B34F00A2B482 /* placeholder.png */; };
		046CCD2F2466B8E90089C1FF /* AppDelegate.swift in Sources */ = {isa = PBXBuildFile; fileRef = 046CCD2E2466B8E90089C1FF /* AppDelegate.swift */; };
		046CCD362466B8E90089C1FF /* Main.storyboard in Resources */ = {isa = PBXBuildFile; fileRef = 046CCD342466B8E90089C1FF /* Main.storyboard */; };
		046CCD392466B8E90089C1FF /* Marvel_Battle.xcdatamodeld in Sources */ = {isa = PBXBuildFile; fileRef = 046CCD372466B8E90089C1FF /* Marvel_Battle.xcdatamodeld */; };
		046CCD3B2466B8EC0089C1FF /* Assets.xcassets in Resources */ = {isa = PBXBuildFile; fileRef = 046CCD3A2466B8EC0089C1FF /* Assets.xcassets */; };
		046CCD3E2466B8EC0089C1FF /* LaunchScreen.storyboard in Resources */ = {isa = PBXBuildFile; fileRef = 046CCD3C2466B8EC0089C1FF /* LaunchScreen.storyboard */; };
		046CCD492466B8ED0089C1FF /* Marvel_BattleTests.swift in Sources */ = {isa = PBXBuildFile; fileRef = 046CCD482466B8ED0089C1FF /* Marvel_BattleTests.swift */; };
		046CCD542466B8ED0089C1FF /* Marvel_BattleUITests.swift in Sources */ = {isa = PBXBuildFile; fileRef = 046CCD532466B8ED0089C1FF /* Marvel_BattleUITests.swift */; };
		046CCD672466BD770089C1FF /* ApiURL.swift in Sources */ = {isa = PBXBuildFile; fileRef = 046CCD662466BD770089C1FF /* ApiURL.swift */; };
		046CCD6A2466C40D0089C1FF /* Extensions.swift in Sources */ = {isa = PBXBuildFile; fileRef = 046CCD692466C40D0089C1FF /* Extensions.swift */; };
		046CCD6C2466C63B0089C1FF /* MarvelBattle_Logo.png in Resources */ = {isa = PBXBuildFile; fileRef = 046CCD6B2466C63B0089C1FF /* MarvelBattle_Logo.png */; };
		046CCD6E2466CAB50089C1FF /* EJMSearchViewController.swift in Sources */ = {isa = PBXBuildFile; fileRef = 046CCD6D2466CAB50089C1FF /* EJMSearchViewController.swift */; };
		046CCD722466D37F0089C1FF /* MarvelBattleHorizontalLogo.png in Resources */ = {isa = PBXBuildFile; fileRef = 046CCD712466D37F0089C1FF /* MarvelBattleHorizontalLogo.png */; };
		046CCD862466EDC10089C1FF /* Characters.swift in Sources */ = {isa = PBXBuildFile; fileRef = 046CCD852466EDC10089C1FF /* Characters.swift */; };
		04B881282467613F008B5CBE /* Constants.swift in Sources */ = {isa = PBXBuildFile; fileRef = 04B881272467613F008B5CBE /* Constants.swift */; };
		5F65C2FE33508B9065C607E8 /* Pods_Marvel_Battle_Marvel_BattleUITests.framework in Frameworks */ = {isa = PBXBuildFile; fileRef = EAA2C1A9E4D6FBACB1886A2C /* Pods_Marvel_Battle_Marvel_BattleUITests.framework */; };
		73D3B66FC72591F2136CF0E9 /* Pods_Marvel_BattleTests.framework in Frameworks */ = {isa = PBXBuildFile; fileRef = DEFC25FAB8B8878D6280385D /* Pods_Marvel_BattleTests.framework */; };
		F5BA65EF360FCC70474B0A63 /* Pods_Marvel_Battle.framework in Frameworks */ = {isa = PBXBuildFile; fileRef = 2243B7873877392315580675 /* Pods_Marvel_Battle.framework */; };
/* End PBXBuildFile section */

/* Begin PBXContainerItemProxy section */
		046CCD452466B8ED0089C1FF /* PBXContainerItemProxy */ = {
			isa = PBXContainerItemProxy;
			containerPortal = 046CCD232466B8E90089C1FF /* Project object */;
			proxyType = 1;
			remoteGlobalIDString = 046CCD2A2466B8E90089C1FF;
			remoteInfo = Marvel_Battle;
		};
		046CCD502466B8ED0089C1FF /* PBXContainerItemProxy */ = {
			isa = PBXContainerItemProxy;
			containerPortal = 046CCD232466B8E90089C1FF /* Project object */;
			proxyType = 1;
			remoteGlobalIDString = 046CCD2A2466B8E90089C1FF;
			remoteInfo = Marvel_Battle;
		};
/* End PBXContainerItemProxy section */

/* Begin PBXFileReference section */
		0096A58DA55E79AE4C558180 /* Pods-Marvel_Battle.debug.xcconfig */ = {isa = PBXFileReference; includeInIndex = 1; lastKnownFileType = text.xcconfig; name = "Pods-Marvel_Battle.debug.xcconfig"; path = "Target Support Files/Pods-Marvel_Battle/Pods-Marvel_Battle.debug.xcconfig"; sourceTree = "<group>"; };
		0459FA702468B34F00A2B482 /* placeholder.png */ = {isa = PBXFileReference; lastKnownFileType = image.png; path = placeholder.png; sourceTree = "<group>"; };
		046CCD2B2466B8E90089C1FF /* Marvel_Battle.app */ = {isa = PBXFileReference; explicitFileType = wrapper.application; includeInIndex = 0; path = Marvel_Battle.app; sourceTree = BUILT_PRODUCTS_DIR; };
		046CCD2E2466B8E90089C1FF /* AppDelegate.swift */ = {isa = PBXFileReference; lastKnownFileType = sourcecode.swift; path = AppDelegate.swift; sourceTree = "<group>"; };
		046CCD352466B8E90089C1FF /* Base */ = {isa = PBXFileReference; lastKnownFileType = file.storyboard; name = Base; path = Base.lproj/Main.storyboard; sourceTree = "<group>"; };
		046CCD382466B8E90089C1FF /* Marvel_Battle.xcdatamodel */ = {isa = PBXFileReference; lastKnownFileType = wrapper.xcdatamodel; path = Marvel_Battle.xcdatamodel; sourceTree = "<group>"; };
		046CCD3A2466B8EC0089C1FF /* Assets.xcassets */ = {isa = PBXFileReference; lastKnownFileType = folder.assetcatalog; path = Assets.xcassets; sourceTree = "<group>"; };
		046CCD3D2466B8EC0089C1FF /* Base */ = {isa = PBXFileReference; lastKnownFileType = file.storyboard; name = Base; path = Base.lproj/LaunchScreen.storyboard; sourceTree = "<group>"; };
		046CCD3F2466B8EC0089C1FF /* Info.plist */ = {isa = PBXFileReference; lastKnownFileType = text.plist.xml; path = Info.plist; sourceTree = "<group>"; };
		046CCD442466B8ED0089C1FF /* Marvel_BattleTests.xctest */ = {isa = PBXFileReference; explicitFileType = wrapper.cfbundle; includeInIndex = 0; path = Marvel_BattleTests.xctest; sourceTree = BUILT_PRODUCTS_DIR; };
		046CCD482466B8ED0089C1FF /* Marvel_BattleTests.swift */ = {isa = PBXFileReference; lastKnownFileType = sourcecode.swift; path = Marvel_BattleTests.swift; sourceTree = "<group>"; };
		046CCD4A2466B8ED0089C1FF /* Info.plist */ = {isa = PBXFileReference; lastKnownFileType = text.plist.xml; path = Info.plist; sourceTree = "<group>"; };
		046CCD4F2466B8ED0089C1FF /* Marvel_BattleUITests.xctest */ = {isa = PBXFileReference; explicitFileType = wrapper.cfbundle; includeInIndex = 0; path = Marvel_BattleUITests.xctest; sourceTree = BUILT_PRODUCTS_DIR; };
		046CCD532466B8ED0089C1FF /* Marvel_BattleUITests.swift */ = {isa = PBXFileReference; lastKnownFileType = sourcecode.swift; path = Marvel_BattleUITests.swift; sourceTree = "<group>"; };
		046CCD552466B8ED0089C1FF /* Info.plist */ = {isa = PBXFileReference; lastKnownFileType = text.plist.xml; path = Info.plist; sourceTree = "<group>"; };
		046CCD662466BD770089C1FF /* ApiURL.swift */ = {isa = PBXFileReference; lastKnownFileType = sourcecode.swift; path = ApiURL.swift; sourceTree = "<group>"; };
		046CCD692466C40D0089C1FF /* Extensions.swift */ = {isa = PBXFileReference; lastKnownFileType = sourcecode.swift; path = Extensions.swift; sourceTree = "<group>"; };
		046CCD6B2466C63B0089C1FF /* MarvelBattle_Logo.png */ = {isa = PBXFileReference; lastKnownFileType = image.png; path = MarvelBattle_Logo.png; sourceTree = "<group>"; };
		046CCD6D2466CAB50089C1FF /* EJMSearchViewController.swift */ = {isa = PBXFileReference; lastKnownFileType = sourcecode.swift; path = EJMSearchViewController.swift; sourceTree = "<group>"; };
		046CCD712466D37F0089C1FF /* MarvelBattleHorizontalLogo.png */ = {isa = PBXFileReference; lastKnownFileType = image.png; path = MarvelBattleHorizontalLogo.png; sourceTree = "<group>"; };
		046CCD852466EDC10089C1FF /* Characters.swift */ = {isa = PBXFileReference; lastKnownFileType = sourcecode.swift; path = Characters.swift; sourceTree = "<group>"; };
		04B881272467613F008B5CBE /* Constants.swift */ = {isa = PBXFileReference; lastKnownFileType = sourcecode.swift; path = Constants.swift; sourceTree = "<group>"; };
		1B0B453CA812A8DA562E4720 /* Pods-Marvel_Battle.release.xcconfig */ = {isa = PBXFileReference; includeInIndex = 1; lastKnownFileType = text.xcconfig; name = "Pods-Marvel_Battle.release.xcconfig"; path = "Target Support Files/Pods-Marvel_Battle/Pods-Marvel_Battle.release.xcconfig"; sourceTree = "<group>"; };
		1C6B1FCD6F5768C028268395 /* Pods-Marvel_BattleTests.release.xcconfig */ = {isa = PBXFileReference; includeInIndex = 1; lastKnownFileType = text.xcconfig; name = "Pods-Marvel_BattleTests.release.xcconfig"; path = "Target Support Files/Pods-Marvel_BattleTests/Pods-Marvel_BattleTests.release.xcconfig"; sourceTree = "<group>"; };
		2243B7873877392315580675 /* Pods_Marvel_Battle.framework */ = {isa = PBXFileReference; explicitFileType = wrapper.framework; includeInIndex = 0; path = Pods_Marvel_Battle.framework; sourceTree = BUILT_PRODUCTS_DIR; };
		323F390002A859DE67A03DCB /* Pods-Marvel_Battle-Marvel_BattleUITests.debug.xcconfig */ = {isa = PBXFileReference; includeInIndex = 1; lastKnownFileType = text.xcconfig; name = "Pods-Marvel_Battle-Marvel_BattleUITests.debug.xcconfig"; path = "Target Support Files/Pods-Marvel_Battle-Marvel_BattleUITests/Pods-Marvel_Battle-Marvel_BattleUITests.debug.xcconfig"; sourceTree = "<group>"; };
		DABD13FCA34F28BC99FFA581 /* Pods-Marvel_BattleTests.debug.xcconfig */ = {isa = PBXFileReference; includeInIndex = 1; lastKnownFileType = text.xcconfig; name = "Pods-Marvel_BattleTests.debug.xcconfig"; path = "Target Support Files/Pods-Marvel_BattleTests/Pods-Marvel_BattleTests.debug.xcconfig"; sourceTree = "<group>"; };
		DEFC25FAB8B8878D6280385D /* Pods_Marvel_BattleTests.framework */ = {isa = PBXFileReference; explicitFileType = wrapper.framework; includeInIndex = 0; path = Pods_Marvel_BattleTests.framework; sourceTree = BUILT_PRODUCTS_DIR; };
		E8DC0EA2EA13C864C701ED7D /* Pods-Marvel_Battle-Marvel_BattleUITests.release.xcconfig */ = {isa = PBXFileReference; includeInIndex = 1; lastKnownFileType = text.xcconfig; name = "Pods-Marvel_Battle-Marvel_BattleUITests.release.xcconfig"; path = "Target Support Files/Pods-Marvel_Battle-Marvel_BattleUITests/Pods-Marvel_Battle-Marvel_BattleUITests.release.xcconfig"; sourceTree = "<group>"; };
		EAA2C1A9E4D6FBACB1886A2C /* Pods_Marvel_Battle_Marvel_BattleUITests.framework */ = {isa = PBXFileReference; explicitFileType = wrapper.framework; includeInIndex = 0; path = Pods_Marvel_Battle_Marvel_BattleUITests.framework; sourceTree = BUILT_PRODUCTS_DIR; };
/* End PBXFileReference section */

/* Begin PBXFrameworksBuildPhase section */
		046CCD282466B8E90089C1FF /* Frameworks */ = {
			isa = PBXFrameworksBuildPhase;
			buildActionMask = 2147483647;
			files = (
				F5BA65EF360FCC70474B0A63 /* Pods_Marvel_Battle.framework in Frameworks */,
			);
			runOnlyForDeploymentPostprocessing = 0;
		};
		046CCD412466B8ED0089C1FF /* Frameworks */ = {
			isa = PBXFrameworksBuildPhase;
			buildActionMask = 2147483647;
			files = (
				73D3B66FC72591F2136CF0E9 /* Pods_Marvel_BattleTests.framework in Frameworks */,
			);
			runOnlyForDeploymentPostprocessing = 0;
		};
		046CCD4C2466B8ED0089C1FF /* Frameworks */ = {
			isa = PBXFrameworksBuildPhase;
			buildActionMask = 2147483647;
			files = (
				5F65C2FE33508B9065C607E8 /* Pods_Marvel_Battle_Marvel_BattleUITests.framework in Frameworks */,
			);
			runOnlyForDeploymentPostprocessing = 0;
		};
/* End PBXFrameworksBuildPhase section */

/* Begin PBXGroup section */
		046CCD222466B8E90089C1FF = {
			isa = PBXGroup;
			children = (
				046CCD2D2466B8E90089C1FF /* Marvel_Battle */,
				046CCD472466B8ED0089C1FF /* Marvel_BattleTests */,
				046CCD522466B8ED0089C1FF /* Marvel_BattleUITests */,
				046CCD2C2466B8E90089C1FF /* Products */,
				424871F616ADBD2EDF64ECE2 /* Pods */,
				4E0944DCB76ABAE219C9E566 /* Frameworks */,
			);
			sourceTree = "<group>";
		};
		046CCD2C2466B8E90089C1FF /* Products */ = {
			isa = PBXGroup;
			children = (
				046CCD2B2466B8E90089C1FF /* Marvel_Battle.app */,
				046CCD442466B8ED0089C1FF /* Marvel_BattleTests.xctest */,
				046CCD4F2466B8ED0089C1FF /* Marvel_BattleUITests.xctest */,
			);
			name = Products;
			sourceTree = "<group>";
		};
		046CCD2D2466B8E90089C1FF /* Marvel_Battle */ = {
			isa = PBXGroup;
			children = (
				046CCD642466BBA50089C1FF /* Model */,
				046CCD632466BBA00089C1FF /* Views */,
				046CCD622466BB9B0089C1FF /* Controllers */,
				046CCD652466BBE60089C1FF /* Resources */,
				04B8812624676112008B5CBE /* Utils */,
				046CCD682466C3F40089C1FF /* Extensions */,
				04BB74702468168A00654830 /* Supporting */,
			);
			path = Marvel_Battle;
			sourceTree = "<group>";
		};
		046CCD472466B8ED0089C1FF /* Marvel_BattleTests */ = {
			isa = PBXGroup;
			children = (
				046CCD482466B8ED0089C1FF /* Marvel_BattleTests.swift */,
				046CCD4A2466B8ED0089C1FF /* Info.plist */,
			);
			path = Marvel_BattleTests;
			sourceTree = "<group>";
		};
		046CCD522466B8ED0089C1FF /* Marvel_BattleUITests */ = {
			isa = PBXGroup;
			children = (
				046CCD532466B8ED0089C1FF /* Marvel_BattleUITests.swift */,
				046CCD552466B8ED0089C1FF /* Info.plist */,
			);
			path = Marvel_BattleUITests;
			sourceTree = "<group>";
		};
		046CCD622466BB9B0089C1FF /* Controllers */ = {
			isa = PBXGroup;
			children = (
				046CCD6D2466CAB50089C1FF /* EJMSearchViewController.swift */,
			);
			path = Controllers;
			sourceTree = "<group>";
		};
		046CCD632466BBA00089C1FF /* Views */ = {
			isa = PBXGroup;
			children = (
				046CCD342466B8E90089C1FF /* Main.storyboard */,
				046CCD3C2466B8EC0089C1FF /* LaunchScreen.storyboard */,
			);
			path = Views;
			sourceTree = "<group>";
		};
		046CCD642466BBA50089C1FF /* Model */ = {
			isa = PBXGroup;
			children = (
				046CCD662466BD770089C1FF /* ApiURL.swift */,
				046CCD852466EDC10089C1FF /* Characters.swift */,
			);
			path = Model;
			sourceTree = "<group>";
		};
		046CCD652466BBE60089C1FF /* Resources */ = {
			isa = PBXGroup;
			children = (
				0459FA702468B34F00A2B482 /* placeholder.png */,
				046CCD6B2466C63B0089C1FF /* MarvelBattle_Logo.png */,
				046CCD712466D37F0089C1FF /* MarvelBattleHorizontalLogo.png */,
			);
			path = Resources;
			sourceTree = "<group>";
		};
		046CCD682466C3F40089C1FF /* Extensions */ = {
			isa = PBXGroup;
			children = (
				046CCD692466C40D0089C1FF /* Extensions.swift */,
			);
			path = Extensions;
			sourceTree = "<group>";
		};
		04B8812624676112008B5CBE /* Utils */ = {
			isa = PBXGroup;
			children = (
				04B881272467613F008B5CBE /* Constants.swift */,
			);
			path = Utils;
			sourceTree = "<group>";
		};
		04BB74702468168A00654830 /* Supporting */ = {
			isa = PBXGroup;
			children = (
				046CCD2E2466B8E90089C1FF /* AppDelegate.swift */,
				046CCD3A2466B8EC0089C1FF /* Assets.xcassets */,
				046CCD3F2466B8EC0089C1FF /* Info.plist */,
				046CCD372466B8E90089C1FF /* Marvel_Battle.xcdatamodeld */,
			);
			path = Supporting;
			sourceTree = "<group>";
		};
		424871F616ADBD2EDF64ECE2 /* Pods */ = {
			isa = PBXGroup;
			children = (
				0096A58DA55E79AE4C558180 /* Pods-Marvel_Battle.debug.xcconfig */,
				1B0B453CA812A8DA562E4720 /* Pods-Marvel_Battle.release.xcconfig */,
				323F390002A859DE67A03DCB /* Pods-Marvel_Battle-Marvel_BattleUITests.debug.xcconfig */,
				E8DC0EA2EA13C864C701ED7D /* Pods-Marvel_Battle-Marvel_BattleUITests.release.xcconfig */,
				DABD13FCA34F28BC99FFA581 /* Pods-Marvel_BattleTests.debug.xcconfig */,
				1C6B1FCD6F5768C028268395 /* Pods-Marvel_BattleTests.release.xcconfig */,
			);
			path = Pods;
			sourceTree = "<group>";
		};
		4E0944DCB76ABAE219C9E566 /* Frameworks */ = {
			isa = PBXGroup;
			children = (
				2243B7873877392315580675 /* Pods_Marvel_Battle.framework */,
				EAA2C1A9E4D6FBACB1886A2C /* Pods_Marvel_Battle_Marvel_BattleUITests.framework */,
				DEFC25FAB8B8878D6280385D /* Pods_Marvel_BattleTests.framework */,
			);
			name = Frameworks;
			sourceTree = "<group>";
		};
/* End PBXGroup section */

/* Begin PBXNativeTarget section */
		046CCD2A2466B8E90089C1FF /* Marvel_Battle */ = {
			isa = PBXNativeTarget;
			buildConfigurationList = 046CCD582466B8ED0089C1FF /* Build configuration list for PBXNativeTarget "Marvel_Battle" */;
			buildPhases = (
				346191FDBE2FC906173EE21C /* [CP] Check Pods Manifest.lock */,
				046CCD272466B8E90089C1FF /* Sources */,
				046CCD282466B8E90089C1FF /* Frameworks */,
				046CCD292466B8E90089C1FF /* Resources */,
				E3D17AFE22BCE4C91D473931 /* [CP] Embed Pods Frameworks */,
			);
			buildRules = (
			);
			dependencies = (
			);
			name = Marvel_Battle;
			productName = Marvel_Battle;
			productReference = 046CCD2B2466B8E90089C1FF /* Marvel_Battle.app */;
			productType = "com.apple.product-type.application";
		};
		046CCD432466B8ED0089C1FF /* Marvel_BattleTests */ = {
			isa = PBXNativeTarget;
			buildConfigurationList = 046CCD5B2466B8ED0089C1FF /* Build configuration list for PBXNativeTarget "Marvel_BattleTests" */;
			buildPhases = (
				04DCD0F7A173FFACF9F311B9 /* [CP] Check Pods Manifest.lock */,
				046CCD402466B8ED0089C1FF /* Sources */,
				046CCD412466B8ED0089C1FF /* Frameworks */,
				046CCD422466B8ED0089C1FF /* Resources */,
			);
			buildRules = (
			);
			dependencies = (
				046CCD462466B8ED0089C1FF /* PBXTargetDependency */,
			);
			name = Marvel_BattleTests;
			productName = Marvel_BattleTests;
			productReference = 046CCD442466B8ED0089C1FF /* Marvel_BattleTests.xctest */;
			productType = "com.apple.product-type.bundle.unit-test";
		};
		046CCD4E2466B8ED0089C1FF /* Marvel_BattleUITests */ = {
			isa = PBXNativeTarget;
			buildConfigurationList = 046CCD5E2466B8ED0089C1FF /* Build configuration list for PBXNativeTarget "Marvel_BattleUITests" */;
			buildPhases = (
				28828804CAFFD08E6DCBAF38 /* [CP] Check Pods Manifest.lock */,
				046CCD4B2466B8ED0089C1FF /* Sources */,
				046CCD4C2466B8ED0089C1FF /* Frameworks */,
				046CCD4D2466B8ED0089C1FF /* Resources */,
				6FC4FD03FCBE1277FB72E280 /* [CP] Embed Pods Frameworks */,
			);
			buildRules = (
			);
			dependencies = (
				046CCD512466B8ED0089C1FF /* PBXTargetDependency */,
			);
			name = Marvel_BattleUITests;
			productName = Marvel_BattleUITests;
			productReference = 046CCD4F2466B8ED0089C1FF /* Marvel_BattleUITests.xctest */;
			productType = "com.apple.product-type.bundle.ui-testing";
		};
/* End PBXNativeTarget section */

/* Begin PBXProject section */
		046CCD232466B8E90089C1FF /* Project object */ = {
			isa = PBXProject;
			attributes = {
				LastSwiftUpdateCheck = 1120;
				LastUpgradeCheck = 1120;
				ORGANIZATIONNAME = eduardojordan.com;
				TargetAttributes = {
					046CCD2A2466B8E90089C1FF = {
						CreatedOnToolsVersion = 11.2.1;
					};
					046CCD432466B8ED0089C1FF = {
						CreatedOnToolsVersion = 11.2.1;
						TestTargetID = 046CCD2A2466B8E90089C1FF;
					};
					046CCD4E2466B8ED0089C1FF = {
						CreatedOnToolsVersion = 11.2.1;
						TestTargetID = 046CCD2A2466B8E90089C1FF;
					};
				};
			};
			buildConfigurationList = 046CCD262466B8E90089C1FF /* Build configuration list for PBXProject "Marvel_Battle" */;
			compatibilityVersion = "Xcode 9.3";
			developmentRegion = en;
			hasScannedForEncodings = 0;
			knownRegions = (
				en,
				Base,
			);
			mainGroup = 046CCD222466B8E90089C1FF;
			productRefGroup = 046CCD2C2466B8E90089C1FF /* Products */;
			projectDirPath = "";
			projectRoot = "";
			targets = (
				046CCD2A2466B8E90089C1FF /* Marvel_Battle */,
				046CCD432466B8ED0089C1FF /* Marvel_BattleTests */,
				046CCD4E2466B8ED0089C1FF /* Marvel_BattleUITests */,
			);
		};
/* End PBXProject section */

/* Begin PBXResourcesBuildPhase section */
		046CCD292466B8E90089C1FF /* Resources */ = {
			isa = PBXResourcesBuildPhase;
			buildActionMask = 2147483647;
			files = (
				046CCD3E2466B8EC0089C1FF /* LaunchScreen.storyboard in Resources */,
				0459FA712468B34F00A2B482 /* placeholder.png in Resources */,
				046CCD3B2466B8EC0089C1FF /* Assets.xcassets in Resources */,
				046CCD362466B8E90089C1FF /* Main.storyboard in Resources */,
				046CCD6C2466C63B0089C1FF /* MarvelBattle_Logo.png in Resources */,
				046CCD722466D37F0089C1FF /* MarvelBattleHorizontalLogo.png in Resources */,
			);
			runOnlyForDeploymentPostprocessing = 0;
		};
		046CCD422466B8ED0089C1FF /* Resources */ = {
			isa = PBXResourcesBuildPhase;
			buildActionMask = 2147483647;
			files = (
			);
			runOnlyForDeploymentPostprocessing = 0;
		};
		046CCD4D2466B8ED0089C1FF /* Resources */ = {
			isa = PBXResourcesBuildPhase;
			buildActionMask = 2147483647;
			files = (
			);
			runOnlyForDeploymentPostprocessing = 0;
		};
/* End PBXResourcesBuildPhase section */

/* Begin PBXShellScriptBuildPhase section */
		04DCD0F7A173FFACF9F311B9 /* [CP] Check Pods Manifest.lock */ = {
			isa = PBXShellScriptBuildPhase;
			buildActionMask = 2147483647;
			files = (
			);
			inputFileListPaths = (
			);
			inputPaths = (
				"${PODS_PODFILE_DIR_PATH}/Podfile.lock",
				"${PODS_ROOT}/Manifest.lock",
			);
			name = "[CP] Check Pods Manifest.lock";
			outputFileListPaths = (
			);
			outputPaths = (
				"$(DERIVED_FILE_DIR)/Pods-Marvel_BattleTests-checkManifestLockResult.txt",
			);
			runOnlyForDeploymentPostprocessing = 0;
			shellPath = /bin/sh;
			shellScript = "diff \"${PODS_PODFILE_DIR_PATH}/Podfile.lock\" \"${PODS_ROOT}/Manifest.lock\" > /dev/null\nif [ $? != 0 ] ; then\n    # print error to STDERR\n    echo \"error: The sandbox is not in sync with the Podfile.lock. Run 'pod install' or update your CocoaPods installation.\" >&2\n    exit 1\nfi\n# This output is used by Xcode 'outputs' to avoid re-running this script phase.\necho \"SUCCESS\" > \"${SCRIPT_OUTPUT_FILE_0}\"\n";
			showEnvVarsInLog = 0;
		};
		28828804CAFFD08E6DCBAF38 /* [CP] Check Pods Manifest.lock */ = {
			isa = PBXShellScriptBuildPhase;
			buildActionMask = 2147483647;
			files = (
			);
			inputFileListPaths = (
			);
			inputPaths = (
				"${PODS_PODFILE_DIR_PATH}/Podfile.lock",
				"${PODS_ROOT}/Manifest.lock",
			);
			name = "[CP] Check Pods Manifest.lock";
			outputFileListPaths = (
			);
			outputPaths = (
				"$(DERIVED_FILE_DIR)/Pods-Marvel_Battle-Marvel_BattleUITests-checkManifestLockResult.txt",
			);
			runOnlyForDeploymentPostprocessing = 0;
			shellPath = /bin/sh;
			shellScript = "diff \"${PODS_PODFILE_DIR_PATH}/Podfile.lock\" \"${PODS_ROOT}/Manifest.lock\" > /dev/null\nif [ $? != 0 ] ; then\n    # print error to STDERR\n    echo \"error: The sandbox is not in sync with the Podfile.lock. Run 'pod install' or update your CocoaPods installation.\" >&2\n    exit 1\nfi\n# This output is used by Xcode 'outputs' to avoid re-running this script phase.\necho \"SUCCESS\" > \"${SCRIPT_OUTPUT_FILE_0}\"\n";
			showEnvVarsInLog = 0;
		};
		346191FDBE2FC906173EE21C /* [CP] Check Pods Manifest.lock */ = {
			isa = PBXShellScriptBuildPhase;
			buildActionMask = 2147483647;
			files = (
			);
			inputFileListPaths = (
			);
			inputPaths = (
				"${PODS_PODFILE_DIR_PATH}/Podfile.lock",
				"${PODS_ROOT}/Manifest.lock",
			);
			name = "[CP] Check Pods Manifest.lock";
			outputFileListPaths = (
			);
			outputPaths = (
				"$(DERIVED_FILE_DIR)/Pods-Marvel_Battle-checkManifestLockResult.txt",
			);
			runOnlyForDeploymentPostprocessing = 0;
			shellPath = /bin/sh;
			shellScript = "diff \"${PODS_PODFILE_DIR_PATH}/Podfile.lock\" \"${PODS_ROOT}/Manifest.lock\" > /dev/null\nif [ $? != 0 ] ; then\n    # print error to STDERR\n    echo \"error: The sandbox is not in sync with the Podfile.lock. Run 'pod install' or update your CocoaPods installation.\" >&2\n    exit 1\nfi\n# This output is used by Xcode 'outputs' to avoid re-running this script phase.\necho \"SUCCESS\" > \"${SCRIPT_OUTPUT_FILE_0}\"\n";
			showEnvVarsInLog = 0;
		};
		6FC4FD03FCBE1277FB72E280 /* [CP] Embed Pods Frameworks */ = {
			isa = PBXShellScriptBuildPhase;
			buildActionMask = 2147483647;
			files = (
			);
			inputFileListPaths = (
				"${PODS_ROOT}/Target Support Files/Pods-Marvel_Battle-Marvel_BattleUITests/Pods-Marvel_Battle-Marvel_BattleUITests-frameworks-${CONFIGURATION}-input-files.xcfilelist",
			);
			name = "[CP] Embed Pods Frameworks";
			outputFileListPaths = (
				"${PODS_ROOT}/Target Support Files/Pods-Marvel_Battle-Marvel_BattleUITests/Pods-Marvel_Battle-Marvel_BattleUITests-frameworks-${CONFIGURATION}-output-files.xcfilelist",
			);
			runOnlyForDeploymentPostprocessing = 0;
			shellPath = /bin/sh;
			shellScript = "\"${PODS_ROOT}/Target Support Files/Pods-Marvel_Battle-Marvel_BattleUITests/Pods-Marvel_Battle-Marvel_BattleUITests-frameworks.sh\"\n";
			showEnvVarsInLog = 0;
		};
		E3D17AFE22BCE4C91D473931 /* [CP] Embed Pods Frameworks */ = {
			isa = PBXShellScriptBuildPhase;
			buildActionMask = 2147483647;
			files = (
			);
			inputFileListPaths = (
				"${PODS_ROOT}/Target Support Files/Pods-Marvel_Battle/Pods-Marvel_Battle-frameworks-${CONFIGURATION}-input-files.xcfilelist",
			);
			name = "[CP] Embed Pods Frameworks";
			outputFileListPaths = (
				"${PODS_ROOT}/Target Support Files/Pods-Marvel_Battle/Pods-Marvel_Battle-frameworks-${CONFIGURATION}-output-files.xcfilelist",
			);
			runOnlyForDeploymentPostprocessing = 0;
			shellPath = /bin/sh;
			shellScript = "\"${PODS_ROOT}/Target Support Files/Pods-Marvel_Battle/Pods-Marvel_Battle-frameworks.sh\"\n";
			showEnvVarsInLog = 0;
		};
/* End PBXShellScriptBuildPhase section */

/* Begin PBXSourcesBuildPhase section */
		046CCD272466B8E90089C1FF /* Sources */ = {
			isa = PBXSourcesBuildPhase;
			buildActionMask = 2147483647;
			files = (
				046CCD6A2466C40D0089C1FF /* Extensions.swift in Sources */,
				046CCD862466EDC10089C1FF /* Characters.swift in Sources */,
				046CCD672466BD770089C1FF /* ApiURL.swift in Sources */,
				046CCD6E2466CAB50089C1FF /* EJMSearchViewController.swift in Sources */,
				04B881282467613F008B5CBE /* Constants.swift in Sources */,
				046CCD392466B8E90089C1FF /* Marvel_Battle.xcdatamodeld in Sources */,
				046CCD2F2466B8E90089C1FF /* AppDelegate.swift in Sources */,
			);
			runOnlyForDeploymentPostprocessing = 0;
		};
		046CCD402466B8ED0089C1FF /* Sources */ = {
			isa = PBXSourcesBuildPhase;
			buildActionMask = 2147483647;
			files = (
				046CCD492466B8ED0089C1FF /* Marvel_BattleTests.swift in Sources */,
			);
			runOnlyForDeploymentPostprocessing = 0;
		};
		046CCD4B2466B8ED0089C1FF /* Sources */ = {
			isa = PBXSourcesBuildPhase;
			buildActionMask = 2147483647;
			files = (
				046CCD542466B8ED0089C1FF /* Marvel_BattleUITests.swift in Sources */,
			);
			runOnlyForDeploymentPostprocessing = 0;
		};
/* End PBXSourcesBuildPhase section */

/* Begin PBXTargetDependency section */
		046CCD462466B8ED0089C1FF /* PBXTargetDependency */ = {
			isa = PBXTargetDependency;
			target = 046CCD2A2466B8E90089C1FF /* Marvel_Battle */;
			targetProxy = 046CCD452466B8ED0089C1FF /* PBXContainerItemProxy */;
		};
		046CCD512466B8ED0089C1FF /* PBXTargetDependency */ = {
			isa = PBXTargetDependency;
			target = 046CCD2A2466B8E90089C1FF /* Marvel_Battle */;
			targetProxy = 046CCD502466B8ED0089C1FF /* PBXContainerItemProxy */;
		};
/* End PBXTargetDependency section */

/* Begin PBXVariantGroup section */
		046CCD342466B8E90089C1FF /* Main.storyboard */ = {
			isa = PBXVariantGroup;
			children = (
				046CCD352466B8E90089C1FF /* Base */,
			);
			name = Main.storyboard;
			sourceTree = "<group>";
		};
		046CCD3C2466B8EC0089C1FF /* LaunchScreen.storyboard */ = {
			isa = PBXVariantGroup;
			children = (
				046CCD3D2466B8EC0089C1FF /* Base */,
			);
			name = LaunchScreen.storyboard;
			sourceTree = "<group>";
		};
/* End PBXVariantGroup section */

/* Begin XCBuildConfiguration section */
		046CCD562466B8ED0089C1FF /* Debug */ = {
			isa = XCBuildConfiguration;
			buildSettings = {
				ALWAYS_SEARCH_USER_PATHS = NO;
				CLANG_ANALYZER_NONNULL = YES;
				CLANG_ANALYZER_NUMBER_OBJECT_CONVERSION = YES_AGGRESSIVE;
				CLANG_CXX_LANGUAGE_STANDARD = "gnu++14";
				CLANG_CXX_LIBRARY = "libc++";
				CLANG_ENABLE_MODULES = YES;
				CLANG_ENABLE_OBJC_ARC = YES;
				CLANG_ENABLE_OBJC_WEAK = YES;
				CLANG_WARN_BLOCK_CAPTURE_AUTORELEASING = YES;
				CLANG_WARN_BOOL_CONVERSION = YES;
				CLANG_WARN_COMMA = YES;
				CLANG_WARN_CONSTANT_CONVERSION = YES;
				CLANG_WARN_DEPRECATED_OBJC_IMPLEMENTATIONS = YES;
				CLANG_WARN_DIRECT_OBJC_ISA_USAGE = YES_ERROR;
				CLANG_WARN_DOCUMENTATION_COMMENTS = YES;
				CLANG_WARN_EMPTY_BODY = YES;
				CLANG_WARN_ENUM_CONVERSION = YES;
				CLANG_WARN_INFINITE_RECURSION = YES;
				CLANG_WARN_INT_CONVERSION = YES;
				CLANG_WARN_NON_LITERAL_NULL_CONVERSION = YES;
				CLANG_WARN_OBJC_IMPLICIT_RETAIN_SELF = YES;
				CLANG_WARN_OBJC_LITERAL_CONVERSION = YES;
				CLANG_WARN_OBJC_ROOT_CLASS = YES_ERROR;
				CLANG_WARN_RANGE_LOOP_ANALYSIS = YES;
				CLANG_WARN_STRICT_PROTOTYPES = YES;
				CLANG_WARN_SUSPICIOUS_MOVE = YES;
				CLANG_WARN_UNGUARDED_AVAILABILITY = YES_AGGRESSIVE;
				CLANG_WARN_UNREACHABLE_CODE = YES;
				CLANG_WARN__DUPLICATE_METHOD_MATCH = YES;
				COPY_PHASE_STRIP = NO;
				DEBUG_INFORMATION_FORMAT = dwarf;
				ENABLE_STRICT_OBJC_MSGSEND = YES;
				ENABLE_TESTABILITY = YES;
				GCC_C_LANGUAGE_STANDARD = gnu11;
				GCC_DYNAMIC_NO_PIC = NO;
				GCC_NO_COMMON_BLOCKS = YES;
				GCC_OPTIMIZATION_LEVEL = 0;
				GCC_PREPROCESSOR_DEFINITIONS = (
					"DEBUG=1",
					"$(inherited)",
				);
				GCC_WARN_64_TO_32_BIT_CONVERSION = YES;
				GCC_WARN_ABOUT_RETURN_TYPE = YES_ERROR;
				GCC_WARN_UNDECLARED_SELECTOR = YES;
				GCC_WARN_UNINITIALIZED_AUTOS = YES_AGGRESSIVE;
				GCC_WARN_UNUSED_FUNCTION = YES;
				GCC_WARN_UNUSED_VARIABLE = YES;
				IPHONEOS_DEPLOYMENT_TARGET = 13.2;
				MTL_ENABLE_DEBUG_INFO = INCLUDE_SOURCE;
				MTL_FAST_MATH = YES;
				ONLY_ACTIVE_ARCH = YES;
				SDKROOT = iphoneos;
				SWIFT_ACTIVE_COMPILATION_CONDITIONS = DEBUG;
				SWIFT_OPTIMIZATION_LEVEL = "-Onone";
			};
			name = Debug;
		};
		046CCD572466B8ED0089C1FF /* Release */ = {
			isa = XCBuildConfiguration;
			buildSettings = {
				ALWAYS_SEARCH_USER_PATHS = NO;
				CLANG_ANALYZER_NONNULL = YES;
				CLANG_ANALYZER_NUMBER_OBJECT_CONVERSION = YES_AGGRESSIVE;
				CLANG_CXX_LANGUAGE_STANDARD = "gnu++14";
				CLANG_CXX_LIBRARY = "libc++";
				CLANG_ENABLE_MODULES = YES;
				CLANG_ENABLE_OBJC_ARC = YES;
				CLANG_ENABLE_OBJC_WEAK = YES;
				CLANG_WARN_BLOCK_CAPTURE_AUTORELEASING = YES;
				CLANG_WARN_BOOL_CONVERSION = YES;
				CLANG_WARN_COMMA = YES;
				CLANG_WARN_CONSTANT_CONVERSION = YES;
				CLANG_WARN_DEPRECATED_OBJC_IMPLEMENTATIONS = YES;
				CLANG_WARN_DIRECT_OBJC_ISA_USAGE = YES_ERROR;
				CLANG_WARN_DOCUMENTATION_COMMENTS = YES;
				CLANG_WARN_EMPTY_BODY = YES;
				CLANG_WARN_ENUM_CONVERSION = YES;
				CLANG_WARN_INFINITE_RECURSION = YES;
				CLANG_WARN_INT_CONVERSION = YES;
				CLANG_WARN_NON_LITERAL_NULL_CONVERSION = YES;
				CLANG_WARN_OBJC_IMPLICIT_RETAIN_SELF = YES;
				CLANG_WARN_OBJC_LITERAL_CONVERSION = YES;
				CLANG_WARN_OBJC_ROOT_CLASS = YES_ERROR;
				CLANG_WARN_RANGE_LOOP_ANALYSIS = YES;
				CLANG_WARN_STRICT_PROTOTYPES = YES;
				CLANG_WARN_SUSPICIOUS_MOVE = YES;
				CLANG_WARN_UNGUARDED_AVAILABILITY = YES_AGGRESSIVE;
				CLANG_WARN_UNREACHABLE_CODE = YES;
				CLANG_WARN__DUPLICATE_METHOD_MATCH = YES;
				COPY_PHASE_STRIP = NO;
				DEBUG_INFORMATION_FORMAT = "dwarf-with-dsym";
				ENABLE_NS_ASSERTIONS = NO;
				ENABLE_STRICT_OBJC_MSGSEND = YES;
				GCC_C_LANGUAGE_STANDARD = gnu11;
				GCC_NO_COMMON_BLOCKS = YES;
				GCC_WARN_64_TO_32_BIT_CONVERSION = YES;
				GCC_WARN_ABOUT_RETURN_TYPE = YES_ERROR;
				GCC_WARN_UNDECLARED_SELECTOR = YES;
				GCC_WARN_UNINITIALIZED_AUTOS = YES_AGGRESSIVE;
				GCC_WARN_UNUSED_FUNCTION = YES;
				GCC_WARN_UNUSED_VARIABLE = YES;
				IPHONEOS_DEPLOYMENT_TARGET = 13.2;
				MTL_ENABLE_DEBUG_INFO = NO;
				MTL_FAST_MATH = YES;
				SDKROOT = iphoneos;
				SWIFT_COMPILATION_MODE = wholemodule;
				SWIFT_OPTIMIZATION_LEVEL = "-O";
				VALIDATE_PRODUCT = YES;
			};
			name = Release;
		};
		046CCD592466B8ED0089C1FF /* Debug */ = {
			isa = XCBuildConfiguration;
			baseConfigurationReference = 0096A58DA55E79AE4C558180 /* Pods-Marvel_Battle.debug.xcconfig */;
			buildSettings = {
				ASSETCATALOG_COMPILER_APPICON_NAME = AppIcon;
				CODE_SIGN_STYLE = Automatic;
				DEVELOPMENT_TEAM = QSL65SU6PD;
				INFOPLIST_FILE = "$(SRCROOT)/Marvel_Battle/Supporting/Info.plist";
				LD_RUNPATH_SEARCH_PATHS = (
					"$(inherited)",
					"@executable_path/Frameworks",
				);
				PRODUCT_BUNDLE_IDENTIFIER = "EduardoJordan.com.Marvel-Battle";
				PRODUCT_NAME = "$(TARGET_NAME)";
				SWIFT_VERSION = 4.2;
				TARGETED_DEVICE_FAMILY = "1,2";
			};
			name = Debug;
		};
		046CCD5A2466B8ED0089C1FF /* Release */ = {
			isa = XCBuildConfiguration;
			baseConfigurationReference = 1B0B453CA812A8DA562E4720 /* Pods-Marvel_Battle.release.xcconfig */;
			buildSettings = {
				ASSETCATALOG_COMPILER_APPICON_NAME = AppIcon;
				CODE_SIGN_STYLE = Automatic;
				DEVELOPMENT_TEAM = QSL65SU6PD;
				INFOPLIST_FILE = "$(SRCROOT)/Marvel_Battle/Supporting/Info.plist";
				LD_RUNPATH_SEARCH_PATHS = (
					"$(inherited)",
					"@executable_path/Frameworks",
				);
				PRODUCT_BUNDLE_IDENTIFIER = "EduardoJordan.com.Marvel-Battle";
				PRODUCT_NAME = "$(TARGET_NAME)";
				SWIFT_VERSION = 4.2;
				TARGETED_DEVICE_FAMILY = "1,2";
			};
			name = Release;
		};
		046CCD5C2466B8ED0089C1FF /* Debug */ = {
			isa = XCBuildConfiguration;
			baseConfigurationReference = DABD13FCA34F28BC99FFA581 /* Pods-Marvel_BattleTests.debug.xcconfig */;
			buildSettings = {
				ALWAYS_EMBED_SWIFT_STANDARD_LIBRARIES = YES;
				BUNDLE_LOADER = "$(TEST_HOST)";
				CODE_SIGN_STYLE = Automatic;
				DEVELOPMENT_TEAM = QSL65SU6PD;
				INFOPLIST_FILE = Marvel_BattleTests/Info.plist;
				IPHONEOS_DEPLOYMENT_TARGET = 13.2;
				LD_RUNPATH_SEARCH_PATHS = (
					"$(inherited)",
					"@executable_path/Frameworks",
					"@loader_path/Frameworks",
				);
				PRODUCT_BUNDLE_IDENTIFIER = "EduardoJordan.com.Marvel-BattleTests";
				PRODUCT_NAME = "$(TARGET_NAME)";
				SWIFT_VERSION = 5.0;
				TARGETED_DEVICE_FAMILY = "1,2";
				TEST_HOST = "$(BUILT_PRODUCTS_DIR)/Marvel_Battle.app/Marvel_Battle";
			};
			name = Debug;
		};
		046CCD5D2466B8ED0089C1FF /* Release */ = {
			isa = XCBuildConfiguration;
			baseConfigurationReference = 1C6B1FCD6F5768C028268395 /* Pods-Marvel_BattleTests.release.xcconfig */;
			buildSettings = {
				ALWAYS_EMBED_SWIFT_STANDARD_LIBRARIES = YES;
				BUNDLE_LOADER = "$(TEST_HOST)";
				CODE_SIGN_STYLE = Automatic;
				DEVELOPMENT_TEAM = QSL65SU6PD;
				INFOPLIST_FILE = Marvel_BattleTests/Info.plist;
				IPHONEOS_DEPLOYMENT_TARGET = 13.2;
				LD_RUNPATH_SEARCH_PATHS = (
					"$(inherited)",
					"@executable_path/Frameworks",
					"@loader_path/Frameworks",
				);
				PRODUCT_BUNDLE_IDENTIFIER = "EduardoJordan.com.Marvel-BattleTests";
				PRODUCT_NAME = "$(TARGET_NAME)";
				SWIFT_VERSION = 5.0;
				TARGETED_DEVICE_FAMILY = "1,2";
				TEST_HOST = "$(BUILT_PRODUCTS_DIR)/Marvel_Battle.app/Marvel_Battle";
			};
			name = Release;
		};
		046CCD5F2466B8ED0089C1FF /* Debug */ = {
			isa = XCBuildConfiguration;
			baseConfigurationReference = 323F390002A859DE67A03DCB /* Pods-Marvel_Battle-Marvel_BattleUITests.debug.xcconfig */;
			buildSettings = {
				ALWAYS_EMBED_SWIFT_STANDARD_LIBRARIES = YES;
				CODE_SIGN_STYLE = Automatic;
				DEVELOPMENT_TEAM = QSL65SU6PD;
				INFOPLIST_FILE = Marvel_BattleUITests/Info.plist;
				LD_RUNPATH_SEARCH_PATHS = (
					"$(inherited)",
					"@executable_path/Frameworks",
					"@loader_path/Frameworks",
				);
				PRODUCT_BUNDLE_IDENTIFIER = "EduardoJordan.com.Marvel-BattleUITests";
				PRODUCT_NAME = "$(TARGET_NAME)";
				SWIFT_VERSION = 5.0;
				TARGETED_DEVICE_FAMILY = "1,2";
				TEST_TARGET_NAME = Marvel_Battle;
			};
			name = Debug;
		};
		046CCD602466B8ED0089C1FF /* Release */ = {
			isa = XCBuildConfiguration;
			baseConfigurationReference = E8DC0EA2EA13C864C701ED7D /* Pods-Marvel_Battle-Marvel_BattleUITests.release.xcconfig */;
			buildSettings = {
				ALWAYS_EMBED_SWIFT_STANDARD_LIBRARIES = YES;
				CODE_SIGN_STYLE = Automatic;
				DEVELOPMENT_TEAM = QSL65SU6PD;
				INFOPLIST_FILE = Marvel_BattleUITests/Info.plist;
				LD_RUNPATH_SEARCH_PATHS = (
					"$(inherited)",
					"@executable_path/Frameworks",
					"@loader_path/Frameworks",
				);
				PRODUCT_BUNDLE_IDENTIFIER = "EduardoJordan.com.Marvel-BattleUITests";
				PRODUCT_NAME = "$(TARGET_NAME)";
				SWIFT_VERSION = 5.0;
				TARGETED_DEVICE_FAMILY = "1,2";
				TEST_TARGET_NAME = Marvel_Battle;
			};
			name = Release;
		};
/* End XCBuildConfiguration section */

/* Begin XCConfigurationList section */
		046CCD262466B8E90089C1FF /* Build configuration list for PBXProject "Marvel_Battle" */ = {
			isa = XCConfigurationList;
			buildConfigurations = (
				046CCD562466B8ED0089C1FF /* Debug */,
				046CCD572466B8ED0089C1FF /* Release */,
			);
			defaultConfigurationIsVisible = 0;
			defaultConfigurationName = Release;
		};
		046CCD582466B8ED0089C1FF /* Build configuration list for PBXNativeTarget "Marvel_Battle" */ = {
			isa = XCConfigurationList;
			buildConfigurations = (
				046CCD592466B8ED0089C1FF /* Debug */,
				046CCD5A2466B8ED0089C1FF /* Release */,
			);
			defaultConfigurationIsVisible = 0;
			defaultConfigurationName = Release;
		};
		046CCD5B2466B8ED0089C1FF /* Build configuration list for PBXNativeTarget "Marvel_BattleTests" */ = {
			isa = XCConfigurationList;
			buildConfigurations = (
				046CCD5C2466B8ED0089C1FF /* Debug */,
				046CCD5D2466B8ED0089C1FF /* Release */,
			);
			defaultConfigurationIsVisible = 0;
			defaultConfigurationName = Release;
		};
		046CCD5E2466B8ED0089C1FF /* Build configuration list for PBXNativeTarget "Marvel_BattleUITests" */ = {
			isa = XCConfigurationList;
			buildConfigurations = (
				046CCD5F2466B8ED0089C1FF /* Debug */,
				046CCD602466B8ED0089C1FF /* Release */,
			);
			defaultConfigurationIsVisible = 0;
			defaultConfigurationName = Release;
		};
/* End XCConfigurationList section */

/* Begin XCVersionGroup section */
		046CCD372466B8E90089C1FF /* Marvel_Battle.xcdatamodeld */ = {
			isa = XCVersionGroup;
			children = (
				046CCD382466B8E90089C1FF /* Marvel_Battle.xcdatamodel */,
			);
			currentVersion = 046CCD382466B8E90089C1FF /* Marvel_Battle.xcdatamodel */;
			path = Marvel_Battle.xcdatamodeld;
			sourceTree = "<group>";
			versionGroupType = wrapper.xcdatamodel;
		};
/* End XCVersionGroup section */
	};
	rootObject = 046CCD232466B8E90089C1FF /* Project object */;
}
